
Microsoft Visual Studio Solution File, Format Version 12.00
# Visual Studio Version 17
VisualStudioVersion = 17.4.33213.308
MinimumVisualStudioVersion = 10.0.40219.1
Project("{FAE04EC0-301F-11D3-BF4B-00C04F79EFBC}") = "ConsoleApp1608", "ConsoleApp1608.csproj", "{2A886749-42BF-49FE-8D25-34C194014C8F}"
EndProject
Global
	GlobalSection(SolutionConfigurationPlatforms) = preSolution
		Debug|Any CPU = Debug|Any CPU
		Release|Any CPU = Release|Any CPU
	EndGlobalSection
	GlobalSection(ProjectConfigurationPlatforms) = postSolution
		{2A886749-42BF-49FE-8D25-34C194014C8F}.Debug|Any CPU.ActiveCfg = Debug|Any CPU
		{2A886749-42BF-49FE-8D25-34C194014C8F}.Debug|Any CPU.Build.0 = Debug|Any CPU
		{2A886749-42BF-49FE-8D25-34C194014C8F}.Release|Any CPU.ActiveCfg = Release|Any CPU
		{2A886749-42BF-49FE-8D25-34C194014C8F}.Release|Any CPU.Build.0 = Release|Any CPU
	EndGlobalSection
	GlobalSection(SolutionProperties) = preSolution
		HideSolutionNode = FALSE
	EndGlobalSection
	GlobalSection(ExtensibilityGlobals) = postSolution
		SolutionGuid = {05EAED17-1FAA-47B1-A009-274510A454E8}
	EndGlobalSection
EndGlobal
